
Microsoft Visual Studio Solution File, Format Version 12.00
# Visual Studio Version 17
VisualStudioVersion = 17.13.35825.156 d17.13
MinimumVisualStudioVersion = 10.0.40219.1
Project("{FAE04EC0-301F-11D3-BF4B-00C04F79EFBC}") = "ETLApp", "ETLApp\ETLApp.csproj", "{4D1D19C1-0F91-4594-BB29-8C3410FA96F2}"
EndProject
Global
	GlobalSection(SolutionConfigurationPlatforms) = preSolution
		Debug|Any CPU = Debug|Any CPU
		Release|Any CPU = Release|Any CPU
	EndGlobalSection
	GlobalSection(ProjectConfigurationPlatforms) = postSolution
		{4D1D19C1-0F91-4594-BB29-8C3410FA96F2}.Debug|Any CPU.ActiveCfg = Debug|Any CPU
		{4D1D19C1-0F91-4594-BB29-8C3410FA96F2}.Debug|Any CPU.Build.0 = Debug|Any CPU
		{4D1D19C1-0F91-4594-BB29-8C3410FA96F2}.Release|Any CPU.ActiveCfg = Release|Any CPU
		{4D1D19C1-0F91-4594-BB29-8C3410FA96F2}.Release|Any CPU.Build.0 = Release|Any CPU
	EndGlobalSection
	GlobalSection(SolutionProperties) = preSolution
		HideSolutionNode = FALSE
	EndGlobalSection
	GlobalSection(ExtensibilityGlobals) = postSolution
		SolutionGuid = {A7684592-750D-4C38-BFC6-9A87FDF9BE56}
	EndGlobalSection
EndGlobal
